
Microsoft Visual Studio Solution File, Format Version 12.00
Project("{FAE04EC0-301F-11D3-BF4B-00C04F79EFBC}") = "ServiceInspector.Tasks", "ServiceInspector.Tasks\ServiceInspector.Tasks.csproj", "{C6C63A9D-20D5-4046-8786-247C59E67BBB}"
EndProject
Project("{FAE04EC0-301F-11D3-BF4B-00C04F79EFBC}") = "ServiceInspector.Tasks.Test", "ServiceInspector.Tasks.Test\ServiceInspector.Tasks.Test.csproj", "{B75DC810-5940-4D62-BC4F-F043231B4713}"
EndProject
Global
	GlobalSection(SolutionConfigurationPlatforms) = preSolution
		Debug|Any CPU = Debug|Any CPU
		Release|Any CPU = Release|Any CPU
	EndGlobalSection
	GlobalSection(ProjectConfigurationPlatforms) = postSolution
		{C6C63A9D-20D5-4046-8786-247C59E67BBB}.Debug|Any CPU.ActiveCfg = Debug|Any CPU
		{C6C63A9D-20D5-4046-8786-247C59E67BBB}.Debug|Any CPU.Build.0 = Debug|Any CPU
		{C6C63A9D-20D5-4046-8786-247C59E67BBB}.Release|Any CPU.ActiveCfg = Release|Any CPU
		{C6C63A9D-20D5-4046-8786-247C59E67BBB}.Release|Any CPU.Build.0 = Release|Any CPU
		{B75DC810-5940-4D62-BC4F-F043231B4713}.Debug|Any CPU.ActiveCfg = Debug|Any CPU
		{B75DC810-5940-4D62-BC4F-F043231B4713}.Debug|Any CPU.Build.0 = Debug|Any CPU
		{B75DC810-5940-4D62-BC4F-F043231B4713}.Release|Any CPU.ActiveCfg = Release|Any CPU
		{B75DC810-5940-4D62-BC4F-F043231B4713}.Release|Any CPU.Build.0 = Release|Any CPU
	EndGlobalSection
EndGlobal
